
Microsoft Visual Studio Solution File, Format Version 12.00
# Visual Studio 2012
Project("{FAE04EC0-301F-11D3-BF4B-00C04F79EFBC}") = "Tulip", "Tulip\Tulip.csproj", "{F9E16C7A-7A3E-4019-9903-E723F0CCA6F1}"
EndProject
Project("{FAE04EC0-301F-11D3-BF4B-00C04F79EFBC}") = "CommsLib", "..\Recon2\CommsLib\CommsLib.csproj", "{8C8B8128-D56B-44D0-B31C-5C1D9A0A90FF}"
EndProject
Project("{FAE04EC0-301F-11D3-BF4B-00C04F79EFBC}") = "GuiLib", "..\Recon2\GUtil\GuiLib.csproj", "{52BAD89A-782A-47B0-8934-005514E225FF}"
EndProject
Project("{FAE04EC0-301F-11D3-BF4B-00C04F79EFBC}") = "XPTable", "..\..\Dropbox\Recon\Resources\XPTable-1.2.2-src\XPTable.csproj", "{1ADD2ECB-2B24-4162-8965-3EFAA9BB041E}"
EndProject
Project("{FAE04EC0-301F-11D3-BF4B-00C04F79EFBC}") = "TulipLib", "TulipLib\TulipLib.csproj", "{04FE6CE0-544D-401A-A3E4-7856BB836961}"
EndProject
Project("{FAE04EC0-301F-11D3-BF4B-00C04F79EFBC}") = "TestSlave", "TestSlave\TestSlave.csproj", "{36BA0EDB-8359-49B2-8A77-F8346B7A0893}"
EndProject
Global
	GlobalSection(SolutionConfigurationPlatforms) = preSolution
		Debug|Any CPU = Debug|Any CPU
		Debug|Mixed Platforms = Debug|Mixed Platforms
		Debug|Win32 = Debug|Win32
		Debug|x64 = Debug|x64
		Release|Any CPU = Release|Any CPU
		Release|Mixed Platforms = Release|Mixed Platforms
		Release|Win32 = Release|Win32
		Release|x64 = Release|x64
	EndGlobalSection
	GlobalSection(ProjectConfigurationPlatforms) = postSolution
		{F9E16C7A-7A3E-4019-9903-E723F0CCA6F1}.Debug|Any CPU.ActiveCfg = Debug|Any CPU
		{F9E16C7A-7A3E-4019-9903-E723F0CCA6F1}.Debug|Any CPU.Build.0 = Debug|Any CPU
		{F9E16C7A-7A3E-4019-9903-E723F0CCA6F1}.Debug|Mixed Platforms.ActiveCfg = Debug|Any CPU
		{F9E16C7A-7A3E-4019-9903-E723F0CCA6F1}.Debug|Mixed Platforms.Build.0 = Debug|Any CPU
		{F9E16C7A-7A3E-4019-9903-E723F0CCA6F1}.Debug|Win32.ActiveCfg = Debug|Any CPU
		{F9E16C7A-7A3E-4019-9903-E723F0CCA6F1}.Debug|x64.ActiveCfg = Debug|Any CPU
		{F9E16C7A-7A3E-4019-9903-E723F0CCA6F1}.Release|Any CPU.ActiveCfg = Release|Any CPU
		{F9E16C7A-7A3E-4019-9903-E723F0CCA6F1}.Release|Any CPU.Build.0 = Release|Any CPU
		{F9E16C7A-7A3E-4019-9903-E723F0CCA6F1}.Release|Mixed Platforms.ActiveCfg = Release|Any CPU
		{F9E16C7A-7A3E-4019-9903-E723F0CCA6F1}.Release|Mixed Platforms.Build.0 = Release|Any CPU
		{F9E16C7A-7A3E-4019-9903-E723F0CCA6F1}.Release|Win32.ActiveCfg = Release|Any CPU
		{F9E16C7A-7A3E-4019-9903-E723F0CCA6F1}.Release|x64.ActiveCfg = Release|Any CPU
		{8C8B8128-D56B-44D0-B31C-5C1D9A0A90FF}.Debug|Any CPU.ActiveCfg = Debug|Any CPU
		{8C8B8128-D56B-44D0-B31C-5C1D9A0A90FF}.Debug|Any CPU.Build.0 = Debug|Any CPU
		{8C8B8128-D56B-44D0-B31C-5C1D9A0A90FF}.Debug|Mixed Platforms.ActiveCfg = Debug|Any CPU
		{8C8B8128-D56B-44D0-B31C-5C1D9A0A90FF}.Debug|Mixed Platforms.Build.0 = Debug|Any CPU
		{8C8B8128-D56B-44D0-B31C-5C1D9A0A90FF}.Debug|Win32.ActiveCfg = Debug|Any CPU
		{8C8B8128-D56B-44D0-B31C-5C1D9A0A90FF}.Debug|x64.ActiveCfg = Debug|x64
		{8C8B8128-D56B-44D0-B31C-5C1D9A0A90FF}.Debug|x64.Build.0 = Debug|x64
		{8C8B8128-D56B-44D0-B31C-5C1D9A0A90FF}.Release|Any CPU.ActiveCfg = Release|Any CPU
		{8C8B8128-D56B-44D0-B31C-5C1D9A0A90FF}.Release|Any CPU.Build.0 = Release|Any CPU
		{8C8B8128-D56B-44D0-B31C-5C1D9A0A90FF}.Release|Mixed Platforms.ActiveCfg = Release|Any CPU
		{8C8B8128-D56B-44D0-B31C-5C1D9A0A90FF}.Release|Mixed Platforms.Build.0 = Release|Any CPU
		{8C8B8128-D56B-44D0-B31C-5C1D9A0A90FF}.Release|Win32.ActiveCfg = Release|Any CPU
		{8C8B8128-D56B-44D0-B31C-5C1D9A0A90FF}.Release|x64.ActiveCfg = Release|x64
		{8C8B8128-D56B-44D0-B31C-5C1D9A0A90FF}.Release|x64.Build.0 = Release|x64
		{52BAD89A-782A-47B0-8934-005514E225FF}.Debug|Any CPU.ActiveCfg = Debug|Any CPU
		{52BAD89A-782A-47B0-8934-005514E225FF}.Debug|Any CPU.Build.0 = Debug|Any CPU
		{52BAD89A-782A-47B0-8934-005514E225FF}.Debug|Mixed Platforms.ActiveCfg = Debug|Any CPU
		{52BAD89A-782A-47B0-8934-005514E225FF}.Debug|Mixed Platforms.Build.0 = Debug|Any CPU
		{52BAD89A-782A-47B0-8934-005514E225FF}.Debug|Win32.ActiveCfg = Debug|Any CPU
		{52BAD89A-782A-47B0-8934-005514E225FF}.Debug|x64.ActiveCfg = Debug|Any CPU
		{52BAD89A-782A-47B0-8934-005514E225FF}.Release|Any CPU.ActiveCfg = Release|Any CPU
		{52BAD89A-782A-47B0-8934-005514E225FF}.Release|Any CPU.Build.0 = Release|Any CPU
		{52BAD89A-782A-47B0-8934-005514E225FF}.Release|Mixed Platforms.ActiveCfg = Release|Any CPU
		{52BAD89A-782A-47B0-8934-005514E225FF}.Release|Mixed Platforms.Build.0 = Release|Any CPU
		{52BAD89A-782A-47B0-8934-005514E225FF}.Release|Win32.ActiveCfg = Release|Any CPU
		{52BAD89A-782A-47B0-8934-005514E225FF}.Release|x64.ActiveCfg = Release|Any CPU
		{1ADD2ECB-2B24-4162-8965-3EFAA9BB041E}.Debug|Any CPU.ActiveCfg = Debug|Any CPU
		{1ADD2ECB-2B24-4162-8965-3EFAA9BB041E}.Debug|Any CPU.Build.0 = Debug|Any CPU
		{1ADD2ECB-2B24-4162-8965-3EFAA9BB041E}.Debug|Mixed Platforms.ActiveCfg = Debug|Any CPU
		{1ADD2ECB-2B24-4162-8965-3EFAA9BB041E}.Debug|Mixed Platforms.Build.0 = Debug|Any CPU
		{1ADD2ECB-2B24-4162-8965-3EFAA9BB041E}.Debug|Win32.ActiveCfg = Debug|Any CPU
		{1ADD2ECB-2B24-4162-8965-3EFAA9BB041E}.Debug|x64.ActiveCfg = Debug|x64
		{1ADD2ECB-2B24-4162-8965-3EFAA9BB041E}.Debug|x64.Build.0 = Debug|x64
		{1ADD2ECB-2B24-4162-8965-3EFAA9BB041E}.Release|Any CPU.ActiveCfg = Release|Any CPU
		{1ADD2ECB-2B24-4162-8965-3EFAA9BB041E}.Release|Any CPU.Build.0 = Release|Any CPU
		{1ADD2ECB-2B24-4162-8965-3EFAA9BB041E}.Release|Mixed Platforms.ActiveCfg = Release|Any CPU
		{1ADD2ECB-2B24-4162-8965-3EFAA9BB041E}.Release|Mixed Platforms.Build.0 = Release|Any CPU
		{1ADD2ECB-2B24-4162-8965-3EFAA9BB041E}.Release|Win32.ActiveCfg = Release|Any CPU
		{1ADD2ECB-2B24-4162-8965-3EFAA9BB041E}.Release|x64.ActiveCfg = Release|x64
		{1ADD2ECB-2B24-4162-8965-3EFAA9BB041E}.Release|x64.Build.0 = Release|x64
		{04FE6CE0-544D-401A-A3E4-7856BB836961}.Debug|Any CPU.ActiveCfg = Debug|Any CPU
		{04FE6CE0-544D-401A-A3E4-7856BB836961}.Debug|Any CPU.Build.0 = Debug|Any CPU
		{04FE6CE0-544D-401A-A3E4-7856BB836961}.Debug|Mixed Platforms.ActiveCfg = Debug|Any CPU
		{04FE6CE0-544D-401A-A3E4-7856BB836961}.Debug|Mixed Platforms.Build.0 = Debug|Any CPU
		{04FE6CE0-544D-401A-A3E4-7856BB836961}.Debug|Win32.ActiveCfg = Debug|Any CPU
		{04FE6CE0-544D-401A-A3E4-7856BB836961}.Debug|x64.ActiveCfg = Debug|Any CPU
		{04FE6CE0-544D-401A-A3E4-7856BB836961}.Release|Any CPU.ActiveCfg = Release|Any CPU
		{04FE6CE0-544D-401A-A3E4-7856BB836961}.Release|Any CPU.Build.0 = Release|Any CPU
		{04FE6CE0-544D-401A-A3E4-7856BB836961}.Release|Mixed Platforms.ActiveCfg = Release|Any CPU
		{04FE6CE0-544D-401A-A3E4-7856BB836961}.Release|Mixed Platforms.Build.0 = Release|Any CPU
		{04FE6CE0-544D-401A-A3E4-7856BB836961}.Release|Win32.ActiveCfg = Release|Any CPU
		{04FE6CE0-544D-401A-A3E4-7856BB836961}.Release|x64.ActiveCfg = Release|Any CPU
		{36BA0EDB-8359-49B2-8A77-F8346B7A0893}.Debug|Any CPU.ActiveCfg = Debug|Any CPU
		{36BA0EDB-8359-49B2-8A77-F8346B7A0893}.Debug|Any CPU.Build.0 = Debug|Any CPU
		{36BA0EDB-8359-49B2-8A77-F8346B7A0893}.Debug|Mixed Platforms.ActiveCfg = Debug|Any CPU
		{36BA0EDB-8359-49B2-8A77-F8346B7A0893}.Debug|Mixed Platforms.Build.0 = Debug|Any CPU
		{36BA0EDB-8359-49B2-8A77-F8346B7A0893}.Debug|Win32.ActiveCfg = Debug|Any CPU
		{36BA0EDB-8359-49B2-8A77-F8346B7A0893}.Debug|x64.ActiveCfg = Debug|Any CPU
		{36BA0EDB-8359-49B2-8A77-F8346B7A0893}.Release|Any CPU.ActiveCfg = Release|Any CPU
		{36BA0EDB-8359-49B2-8A77-F8346B7A0893}.Release|Any CPU.Build.0 = Release|Any CPU
		{36BA0EDB-8359-49B2-8A77-F8346B7A0893}.Release|Mixed Platforms.ActiveCfg = Release|Any CPU
		{36BA0EDB-8359-49B2-8A77-F8346B7A0893}.Release|Mixed Platforms.Build.0 = Release|Any CPU
		{36BA0EDB-8359-49B2-8A77-F8346B7A0893}.Release|Win32.ActiveCfg = Release|Any CPU
		{36BA0EDB-8359-49B2-8A77-F8346B7A0893}.Release|x64.ActiveCfg = Release|Any CPU
	EndGlobalSection
	GlobalSection(SolutionProperties) = preSolution
		HideSolutionNode = FALSE
	EndGlobalSection
EndGlobal
